PODS:
  - DropDown (2.3.13)
  - ReachabilitySwift (5.0.0)

DEPENDENCIES:
  - DropDown (= 2.3.13)
  - ReachabilitySwift

SPEC REPOS:
  trunk:
    - DropDown
    - ReachabilitySwift

SPEC CHECKSUMS:
  DropDown: 8a2116376c1981888557f72ec2ffc9a5e0e456ec
  ReachabilitySwift: 985039c6f7b23a1da463388634119492ff86c825

PODFILE CHECKSUM: 318af167267950862f04b60c8af1d4b72bc69708

COCOAPODS: 1.15.2
